
Microsoft Visual Studio Solution File, Format Version 12.00
# Visual Studio Version 17
VisualStudioVersion = 17.6.33723.286
MinimumVisualStudioVersion = 10.0.40219.1
Project("{FAE04EC0-301F-11D3-BF4B-00C04F79EFBC}") = "wformsgestionusuarios", "wformsgestionusuarios\wformsgestionusuarios.csproj", "{5B9A6D7B-EF6A-42D4-BFD9-B43B5287298A}"
EndProject
Global
	GlobalSection(SolutionConfigurationPlatforms) = preSolution
		Debug|Any CPU = Debug|Any CPU
		Release|Any CPU = Release|Any CPU
	EndGlobalSection
	GlobalSection(ProjectConfigurationPlatforms) = postSolution
		{5B9A6D7B-EF6A-42D4-BFD9-B43B5287298A}.Debug|Any CPU.ActiveCfg = Debug|Any CPU
		{5B9A6D7B-EF6A-42D4-BFD9-B43B5287298A}.Debug|Any CPU.Build.0 = Debug|Any CPU
		{5B9A6D7B-EF6A-42D4-BFD9-B43B5287298A}.Release|Any CPU.ActiveCfg = Release|Any CPU
		{5B9A6D7B-EF6A-42D4-BFD9-B43B5287298A}.Release|Any CPU.Build.0 = Release|Any CPU
	EndGlobalSection
	GlobalSection(SolutionProperties) = preSolution
		HideSolutionNode = FALSE
	EndGlobalSection
	GlobalSection(ExtensibilityGlobals) = postSolution
		SolutionGuid = {A8A719AF-9BE9-486E-9F49-C16D99E5E757}
	EndGlobalSection
EndGlobal
